
Microsoft Visual Studio Solution File, Format Version 12.00
# Visual Studio Version 17
VisualStudioVersion = 17.5.002.0
MinimumVisualStudioVersion = 10.0.40219.1
Project("{9A19103F-16F7-4668-BE54-9A1E7A4F7556}") = "TodoApi", "TodoApi.csproj", "{E505376A-F292-499A-97FB-84559FC7A64C}"
EndProject
Global
	GlobalSection(SolutionConfigurationPlatforms) = preSolution
		Debug|Any CPU = Debug|Any CPU
		Release|Any CPU = Release|Any CPU
	EndGlobalSection
	GlobalSection(ProjectConfigurationPlatforms) = postSolution
		{E505376A-F292-499A-97FB-84559FC7A64C}.Debug|Any CPU.ActiveCfg = Debug|Any CPU
		{E505376A-F292-499A-97FB-84559FC7A64C}.Debug|Any CPU.Build.0 = Debug|Any CPU
		{E505376A-F292-499A-97FB-84559FC7A64C}.Release|Any CPU.ActiveCfg = Release|Any CPU
		{E505376A-F292-499A-97FB-84559FC7A64C}.Release|Any CPU.Build.0 = Release|Any CPU
	EndGlobalSection
	GlobalSection(SolutionProperties) = preSolution
		HideSolutionNode = FALSE
	EndGlobalSection
	GlobalSection(ExtensibilityGlobals) = postSolution
		SolutionGuid = {08DFB66F-8577-4D5C-9943-F49353DFE607}
	EndGlobalSection
EndGlobal
